
Microsoft Visual Studio Solution File, Format Version 12.00
# Visual Studio 14
VisualStudioVersion = 14.0.23107.0
MinimumVisualStudioVersion = 10.0.40219.1
Project("{FAE04EC0-301F-11D3-BF4B-00C04F79EFBC}") = "RecipeCalculator", "RecipeCalculator\RecipeCalculator.csproj", "{CA40FAA0-FD7B-44B0-8A24-85C151780C1C}"
EndProject
Project("{FAE04EC0-301F-11D3-BF4B-00C04F79EFBC}") = "RecipeCalculatorTest", "RecipeCalculatorTest\RecipeCalculatorTest.csproj", "{34510CAF-A183-458F-ADFF-2636B486C3D9}"
EndProject
Global
	GlobalSection(SolutionConfigurationPlatforms) = preSolution
		Debug|Any CPU = Debug|Any CPU
		Release|Any CPU = Release|Any CPU
	EndGlobalSection
	GlobalSection(ProjectConfigurationPlatforms) = postSolution
		{CA40FAA0-FD7B-44B0-8A24-85C151780C1C}.Debug|Any CPU.ActiveCfg = Debug|Any CPU
		{CA40FAA0-FD7B-44B0-8A24-85C151780C1C}.Debug|Any CPU.Build.0 = Debug|Any CPU
		{CA40FAA0-FD7B-44B0-8A24-85C151780C1C}.Release|Any CPU.ActiveCfg = Release|Any CPU
		{CA40FAA0-FD7B-44B0-8A24-85C151780C1C}.Release|Any CPU.Build.0 = Release|Any CPU
		{34510CAF-A183-458F-ADFF-2636B486C3D9}.Debug|Any CPU.ActiveCfg = Debug|Any CPU
		{34510CAF-A183-458F-ADFF-2636B486C3D9}.Debug|Any CPU.Build.0 = Debug|Any CPU
		{34510CAF-A183-458F-ADFF-2636B486C3D9}.Release|Any CPU.ActiveCfg = Release|Any CPU
		{34510CAF-A183-458F-ADFF-2636B486C3D9}.Release|Any CPU.Build.0 = Release|Any CPU
	EndGlobalSection
	GlobalSection(SolutionProperties) = preSolution
		HideSolutionNode = FALSE
	EndGlobalSection
EndGlobal
